// !$*UTF8*$!
{
	archiveVersion = 1;
	classes = {
	};
	objectVersion = 56;
	objects = {

/* Begin PBXBuildFile section */
		11A1B2C3D4E5F60000000001 /* TZMateApp.swift in Sources */ = {isa = PBXBuildFile; fileRef = 11A1B2C3D4E5F60000000011 /* TZMateApp.swift */; };
		11A1B2C3D4E5F60000000002 /* AppState.swift in Sources */ = {isa = PBXBuildFile; fileRef = 11A1B2C3D4E5F60000000012 /* AppState.swift */; };
		11A1B2C3D4E5F60000000003 /* RootPopoverView.swift in Sources */ = {isa = PBXBuildFile; fileRef = 11A1B2C3D4E5F60000000013 /* RootPopoverView.swift */; };
		22A1B2C3D4E5F60000000001 /* Contact.swift in Sources */ = {isa = PBXBuildFile; fileRef = 22A1B2C3D4E5F60000000011 /* Contact.swift */; };
		22A1B2C3D4E5F60000000002 /* CountryTimeData.swift in Sources */ = {isa = PBXBuildFile; fileRef = 22A1B2C3D4E5F60000000012 /* CountryTimeData.swift */; };
		22A1B2C3D4E5F60000000003 /* CountryTimeZone.swift in Sources */ = {isa = PBXBuildFile; fileRef = 22A1B2C3D4E5F60000000013 /* CountryTimeZone.swift */; };
		22A1B2C3D4E5F60000000004 /* AppSettings.swift in Sources */ = {isa = PBXBuildFile; fileRef = 22A1B2C3D4E5F60000000014 /* AppSettings.swift */; };
		22A1B2C3D4E5F60000000005 /* AppTheme.swift in Sources */ = {isa = PBXBuildFile; fileRef = 22A1B2C3D4E5F60000000015 /* AppTheme.swift */; };
		22A1B2C3D4E5F60000000006 /* TimeFormat.swift in Sources */ = {isa = PBXBuildFile; fileRef = 22A1B2C3D4E5F60000000016 /* TimeFormat.swift */; };
		22A1B2C3D4E5F60000000007 /* SettingsStorageService.swift in Sources */ = {isa = PBXBuildFile; fileRef = 22A1B2C3D4E5F60000000017 /* SettingsStorageService.swift */; };
		22A1B2C3D4E5F60000000008 /* SettingsView.swift in Sources */ = {isa = PBXBuildFile; fileRef = 22A1B2C3D4E5F60000000018 /* SettingsView.swift */; };
		33A1B2C3D4E5F60000000001 /* TimeStatus.swift in Sources */ = {isa = PBXBuildFile; fileRef = 33A1B2C3D4E5F60000000011 /* TimeStatus.swift */; };
		33A1B2C3D4E5F60000000002 /* DateRelation.swift in Sources */ = {isa = PBXBuildFile; fileRef = 33A1B2C3D4E5F60000000012 /* DateRelation.swift */; };
		33A1B2C3D4E5F60000000003 /* PhoneCodeLookupResult.swift in Sources */ = {isa = PBXBuildFile; fileRef = 33A1B2C3D4E5F60000000013 /* PhoneCodeLookupResult.swift */; };
		33A1B2C3D4E5F60000000004 /* CountryDataService.swift in Sources */ = {isa = PBXBuildFile; fileRef = 33A1B2C3D4E5F60000000014 /* CountryDataService.swift */; };
		33A1B2C3D4E5F60000000005 /* TimeZoneService.swift in Sources */ = {isa = PBXBuildFile; fileRef = 33A1B2C3D4E5F60000000015 /* TimeZoneService.swift */; };
		33A1B2C3D4E5F60000000006 /* PhoneCodeService.swift in Sources */ = {isa = PBXBuildFile; fileRef = 33A1B2C3D4E5F60000000016 /* PhoneCodeService.swift */; };
		33A1B2C3D4E5F60000000007 /* country_time_data.json in Resources */ = {isa = PBXBuildFile; fileRef = 33A1B2C3D4E5F60000000017 /* country_time_data.json */; };
		44A1B2C3D4E5F60000000001 /* ContactStorageService.swift in Sources */ = {isa = PBXBuildFile; fileRef = 44A1B2C3D4E5F60000000011 /* ContactStorageService.swift */; };
		44A1B2C3D4E5F60000000002 /* ContactsView.swift in Sources */ = {isa = PBXBuildFile; fileRef = 44A1B2C3D4E5F60000000012 /* ContactsView.swift */; };
		44A1B2C3D4E5F60000000003 /* ContactRowView.swift in Sources */ = {isa = PBXBuildFile; fileRef = 44A1B2C3D4E5F60000000013 /* ContactRowView.swift */; };
		44A1B2C3D4E5F60000000004 /* ContactFormView.swift in Sources */ = {isa = PBXBuildFile; fileRef = 44A1B2C3D4E5F60000000014 /* ContactFormView.swift */; };
		55A1B2C3D4E5F60000000001 /* TimeConverterView.swift in Sources */ = {isa = PBXBuildFile; fileRef = 55A1B2C3D4E5F60000000011 /* TimeConverterView.swift */; };
		66A1B2C3D4E5F60000000001 /* Constants.swift in Sources */ = {isa = PBXBuildFile; fileRef = 66A1B2C3D4E5F60000000011 /* Constants.swift */; };
		66A1B2C3D4E5F60000000002 /* Constants.swift in Sources */ = {isa = PBXBuildFile; fileRef = 66A1B2C3D4E5F60000000011 /* Constants.swift */; };
		77A1B2C3D4E5F60000000001 /* TZMateWidgetProvider.swift in Sources */ = {isa = PBXBuildFile; fileRef = 77A1B2C3D4E5F60000000011 /* TZMateWidgetProvider.swift */; };
		77A1B2C3D4E5F60000000002 /* TZMateWidgetEntryView.swift in Sources */ = {isa = PBXBuildFile; fileRef = 77A1B2C3D4E5F60000000012 /* TZMateWidgetEntryView.swift */; };
		77A1B2C3D4E5F60000000003 /* TZMateWidget.swift in Sources */ = {isa = PBXBuildFile; fileRef = 77A1B2C3D4E5F60000000013 /* TZMateWidget.swift */; };
		77A1B2C3D4E5F60000000004 /* TZMateWidgetBundle.swift in Sources */ = {isa = PBXBuildFile; fileRef = 77A1B2C3D4E5F60000000014 /* TZMateWidgetBundle.swift */; };
		77A1B2C3D4E5F60000000005 /* Contact.swift in Sources */ = {isa = PBXBuildFile; fileRef = 22A1B2C3D4E5F60000000011 /* Contact.swift */; };
		77A1B2C3D4E5F60000000006 /* CountryTimeZone.swift in Sources */ = {isa = PBXBuildFile; fileRef = 22A1B2C3D4E5F60000000013 /* CountryTimeZone.swift */; };
		77A1B2C3D4E5F60000000007 /* AppSettings.swift in Sources */ = {isa = PBXBuildFile; fileRef = 22A1B2C3D4E5F60000000014 /* AppSettings.swift */; };
		77A1B2C3D4E5F60000000008 /* AppTheme.swift in Sources */ = {isa = PBXBuildFile; fileRef = 22A1B2C3D4E5F60000000015 /* AppTheme.swift */; };
		77A1B2C3D4E5F60000000009 /* TimeFormat.swift in Sources */ = {isa = PBXBuildFile; fileRef = 22A1B2C3D4E5F60000000016 /* TimeFormat.swift */; };
		77A1B2C3D4E5F6000000000A /* TimeStatus.swift in Sources */ = {isa = PBXBuildFile; fileRef = 33A1B2C3D4E5F60000000011 /* TimeStatus.swift */; };
		77A1B2C3D4E5F6000000000B /* DateRelation.swift in Sources */ = {isa = PBXBuildFile; fileRef = 33A1B2C3D4E5F60000000012 /* DateRelation.swift */; };
		77A1B2C3D4E5F6000000000C /* TimeZoneService.swift in Sources */ = {isa = PBXBuildFile; fileRef = 33A1B2C3D4E5F60000000015 /* TimeZoneService.swift */; };
		77A1B2C3D4E5F6000000000D /* ContactStorageService.swift in Sources */ = {isa = PBXBuildFile; fileRef = 44A1B2C3D4E5F60000000011 /* ContactStorageService.swift */; };
		77A1B2C3D4E5F6000000000E /* SettingsStorageService.swift in Sources */ = {isa = PBXBuildFile; fileRef = 22A1B2C3D4E5F60000000017 /* SettingsStorageService.swift */; };
		77A1B2C3D4E5F6000000000F /* TZMateWidgetExtension.appex in Embed App Extensions */ = {isa = PBXBuildFile; fileRef = 77A1B2C3D4E5F60000000010 /* TZMateWidgetExtension.appex */; settings = {ATTRIBUTES = (RemoveHeadersOnCopy, ); }; };
		88A1B2C3D4E5F60000000001 /* Assets.xcassets in Resources */ = {isa = PBXBuildFile; fileRef = 88A1B2C3D4E5F60000000011 /* Assets.xcassets */; };
		99A1B2C3D4E5F60000000001 /* AppDelegate.swift in Sources */ = {isa = PBXBuildFile; fileRef = 99A1B2C3D4E5F60000000011 /* AppDelegate.swift */; };
		99A1B2C3D4E5F60000000002 /* PhoneLookupView.swift in Sources */ = {isa = PBXBuildFile; fileRef = 99A1B2C3D4E5F60000000012 /* PhoneLookupView.swift */; };
		99A1B2C3D4E5F60000000003 /* SectionCardView.swift in Sources */ = {isa = PBXBuildFile; fileRef = 99A1B2C3D4E5F60000000013 /* SectionCardView.swift */; };
		AA13B2C3D4E5F60000000001 /* LaunchAtLoginService.swift in Sources */ = {isa = PBXBuildFile; fileRef = AA13B2C3D4E5F60000000011 /* LaunchAtLoginService.swift */; };
		BB14B2C3D4E5F60000000001 /* DefaultSettingsService.swift in Sources */ = {isa = PBXBuildFile; fileRef = BB14B2C3D4E5F60000000011 /* DefaultSettingsService.swift */; };
		CC14B2C3D4E5F60000000001 /* SharedUserDefaultsProvider.swift in Sources */ = {isa = PBXBuildFile; fileRef = CC14B2C3D4E5F60000000011 /* SharedUserDefaultsProvider.swift */; };
		CC14B2C3D4E5F60000000002 /* SharedUserDefaultsProvider.swift in Sources */ = {isa = PBXBuildFile; fileRef = CC14B2C3D4E5F60000000011 /* SharedUserDefaultsProvider.swift */; };
		DD15B2C3D4E5F60000000001 /* Sparkle in Frameworks */ = {isa = PBXBuildFile; productRef = DD15B2C3D4E5F60000000021 /* Sparkle */; };
		DD15B2C3D4E5F60000000002 /* UpdateService.swift in Sources */ = {isa = PBXBuildFile; fileRef = DD15B2C3D4E5F60000000011 /* UpdateService.swift */; };
		EE20B2C3D4E5F60000000001 /* WidgetDiagnosticsService.swift in Sources */ = {isa = PBXBuildFile; fileRef = EE20B2C3D4E5F60000000011 /* WidgetDiagnosticsService.swift */; };
/* End PBXBuildFile section */

/* Begin PBXContainerItemProxy section */
		77A1B2C3D4E5F60000000050 /* PBXContainerItemProxy */ = {
			isa = PBXContainerItemProxy;
			containerPortal = 11A1B2C3D4E5F60000000060 /* Project object */;
			proxyType = 1;
			remoteGlobalIDString = 77A1B2C3D4E5F60000000040;
			remoteInfo = TZMateWidgetExtension;
		};
/* End PBXContainerItemProxy section */

/* Begin PBXCopyFilesBuildPhase section */
		77A1B2C3D4E5F60000000051 /* Embed App Extensions */ = {
			isa = PBXCopyFilesBuildPhase;
			buildActionMask = 2147483647;
			dstPath = "";
			dstSubfolderSpec = 13;
			files = (
				77A1B2C3D4E5F6000000000F /* TZMateWidgetExtension.appex in Embed App Extensions */,
			);
			name = "Embed App Extensions";
			runOnlyForDeploymentPostprocessing = 0;
		};
/* End PBXCopyFilesBuildPhase section */

/* Begin PBXFileReference section */
		11A1B2C3D4E5F60000000010 /* TZMate.app */ = {isa = PBXFileReference; explicitFileType = wrapper.application; includeInIndex = 0; path = TZMate.app; sourceTree = BUILT_PRODUCTS_DIR; };
		11A1B2C3D4E5F60000000011 /* TZMateApp.swift */ = {isa = PBXFileReference; lastKnownFileType = sourcecode.swift; path = TZMateApp.swift; sourceTree = "<group>"; };
		11A1B2C3D4E5F60000000012 /* AppState.swift */ = {isa = PBXFileReference; lastKnownFileType = sourcecode.swift; path = AppState.swift; sourceTree = "<group>"; };
		11A1B2C3D4E5F60000000013 /* RootPopoverView.swift */ = {isa = PBXFileReference; lastKnownFileType = sourcecode.swift; path = RootPopoverView.swift; sourceTree = "<group>"; };
		11A1B2C3D4E5F60000000014 /* Info.plist */ = {isa = PBXFileReference; lastKnownFileType = text.plist.xml; path = Info.plist; sourceTree = "<group>"; };
		22A1B2C3D4E5F60000000011 /* Contact.swift */ = {isa = PBXFileReference; lastKnownFileType = sourcecode.swift; path = Contact.swift; sourceTree = "<group>"; };
		22A1B2C3D4E5F60000000012 /* CountryTimeData.swift */ = {isa = PBXFileReference; lastKnownFileType = sourcecode.swift; path = CountryTimeData.swift; sourceTree = "<group>"; };
		22A1B2C3D4E5F60000000013 /* CountryTimeZone.swift */ = {isa = PBXFileReference; lastKnownFileType = sourcecode.swift; path = CountryTimeZone.swift; sourceTree = "<group>"; };
		22A1B2C3D4E5F60000000014 /* AppSettings.swift */ = {isa = PBXFileReference; lastKnownFileType = sourcecode.swift; path = AppSettings.swift; sourceTree = "<group>"; };
		22A1B2C3D4E5F60000000015 /* AppTheme.swift */ = {isa = PBXFileReference; lastKnownFileType = sourcecode.swift; path = AppTheme.swift; sourceTree = "<group>"; };
		22A1B2C3D4E5F60000000016 /* TimeFormat.swift */ = {isa = PBXFileReference; lastKnownFileType = sourcecode.swift; path = TimeFormat.swift; sourceTree = "<group>"; };
		22A1B2C3D4E5F60000000017 /* SettingsStorageService.swift */ = {isa = PBXFileReference; lastKnownFileType = sourcecode.swift; path = SettingsStorageService.swift; sourceTree = "<group>"; };
		22A1B2C3D4E5F60000000018 /* SettingsView.swift */ = {isa = PBXFileReference; lastKnownFileType = sourcecode.swift; path = SettingsView.swift; sourceTree = "<group>"; };
		33A1B2C3D4E5F60000000011 /* TimeStatus.swift */ = {isa = PBXFileReference; lastKnownFileType = sourcecode.swift; path = TimeStatus.swift; sourceTree = "<group>"; };
		33A1B2C3D4E5F60000000012 /* DateRelation.swift */ = {isa = PBXFileReference; lastKnownFileType = sourcecode.swift; path = DateRelation.swift; sourceTree = "<group>"; };
		33A1B2C3D4E5F60000000013 /* PhoneCodeLookupResult.swift */ = {isa = PBXFileReference; lastKnownFileType = sourcecode.swift; path = PhoneCodeLookupResult.swift; sourceTree = "<group>"; };
		33A1B2C3D4E5F60000000014 /* CountryDataService.swift */ = {isa = PBXFileReference; lastKnownFileType = sourcecode.swift; path = CountryDataService.swift; sourceTree = "<group>"; };
		33A1B2C3D4E5F60000000015 /* TimeZoneService.swift */ = {isa = PBXFileReference; lastKnownFileType = sourcecode.swift; path = TimeZoneService.swift; sourceTree = "<group>"; };
		33A1B2C3D4E5F60000000016 /* PhoneCodeService.swift */ = {isa = PBXFileReference; lastKnownFileType = sourcecode.swift; path = PhoneCodeService.swift; sourceTree = "<group>"; };
		33A1B2C3D4E5F60000000017 /* country_time_data.json */ = {isa = PBXFileReference; lastKnownFileType = text.json; path = country_time_data.json; sourceTree = "<group>"; };
		44A1B2C3D4E5F60000000011 /* ContactStorageService.swift */ = {isa = PBXFileReference; lastKnownFileType = sourcecode.swift; path = ContactStorageService.swift; sourceTree = "<group>"; };
		44A1B2C3D4E5F60000000012 /* ContactsView.swift */ = {isa = PBXFileReference; lastKnownFileType = sourcecode.swift; path = ContactsView.swift; sourceTree = "<group>"; };
		44A1B2C3D4E5F60000000013 /* ContactRowView.swift */ = {isa = PBXFileReference; lastKnownFileType = sourcecode.swift; path = ContactRowView.swift; sourceTree = "<group>"; };
		44A1B2C3D4E5F60000000014 /* ContactFormView.swift */ = {isa = PBXFileReference; lastKnownFileType = sourcecode.swift; path = ContactFormView.swift; sourceTree = "<group>"; };
		55A1B2C3D4E5F60000000011 /* TimeConverterView.swift */ = {isa = PBXFileReference; lastKnownFileType = sourcecode.swift; path = TimeConverterView.swift; sourceTree = "<group>"; };
		66A1B2C3D4E5F60000000011 /* Constants.swift */ = {isa = PBXFileReference; lastKnownFileType = sourcecode.swift; path = Constants.swift; sourceTree = "<group>"; };
		66A1B2C3D4E5F60000000012 /* TZMate.entitlements */ = {isa = PBXFileReference; lastKnownFileType = text.plist.entitlements; path = TZMate.entitlements; sourceTree = "<group>"; };
		77A1B2C3D4E5F60000000010 /* TZMateWidgetExtension.appex */ = {isa = PBXFileReference; explicitFileType = "wrapper.app-extension"; includeInIndex = 0; path = TZMateWidgetExtension.appex; sourceTree = BUILT_PRODUCTS_DIR; };
		77A1B2C3D4E5F60000000011 /* TZMateWidgetProvider.swift */ = {isa = PBXFileReference; lastKnownFileType = sourcecode.swift; path = TZMateWidgetProvider.swift; sourceTree = "<group>"; };
		77A1B2C3D4E5F60000000012 /* TZMateWidgetEntryView.swift */ = {isa = PBXFileReference; lastKnownFileType = sourcecode.swift; path = TZMateWidgetEntryView.swift; sourceTree = "<group>"; };
		77A1B2C3D4E5F60000000013 /* TZMateWidget.swift */ = {isa = PBXFileReference; lastKnownFileType = sourcecode.swift; path = TZMateWidget.swift; sourceTree = "<group>"; };
		77A1B2C3D4E5F60000000014 /* TZMateWidgetBundle.swift */ = {isa = PBXFileReference; lastKnownFileType = sourcecode.swift; path = TZMateWidgetBundle.swift; sourceTree = "<group>"; };
		77A1B2C3D4E5F60000000015 /* Info.plist */ = {isa = PBXFileReference; lastKnownFileType = text.plist.xml; path = Info.plist; sourceTree = "<group>"; };
		77A1B2C3D4E5F60000000016 /* TZMateWidgetExtension.entitlements */ = {isa = PBXFileReference; lastKnownFileType = text.plist.entitlements; path = TZMateWidgetExtension.entitlements; sourceTree = "<group>"; };
		88A1B2C3D4E5F60000000011 /* Assets.xcassets */ = {isa = PBXFileReference; lastKnownFileType = folder.assetcatalog; path = Assets.xcassets; sourceTree = "<group>"; };
		99A1B2C3D4E5F60000000011 /* AppDelegate.swift */ = {isa = PBXFileReference; lastKnownFileType = sourcecode.swift; path = AppDelegate.swift; sourceTree = "<group>"; };
		99A1B2C3D4E5F60000000012 /* PhoneLookupView.swift */ = {isa = PBXFileReference; lastKnownFileType = sourcecode.swift; path = PhoneLookupView.swift; sourceTree = "<group>"; };
		99A1B2C3D4E5F60000000013 /* SectionCardView.swift */ = {isa = PBXFileReference; lastKnownFileType = sourcecode.swift; path = SectionCardView.swift; sourceTree = "<group>"; };
		AA13B2C3D4E5F60000000011 /* LaunchAtLoginService.swift */ = {isa = PBXFileReference; lastKnownFileType = sourcecode.swift; path = LaunchAtLoginService.swift; sourceTree = "<group>"; };
		BB14B2C3D4E5F60000000011 /* DefaultSettingsService.swift */ = {isa = PBXFileReference; lastKnownFileType = sourcecode.swift; path = DefaultSettingsService.swift; sourceTree = "<group>"; };
		CC14B2C3D4E5F60000000011 /* SharedUserDefaultsProvider.swift */ = {isa = PBXFileReference; lastKnownFileType = sourcecode.swift; path = SharedUserDefaultsProvider.swift; sourceTree = "<group>"; };
		DD15B2C3D4E5F60000000011 /* UpdateService.swift */ = {isa = PBXFileReference; lastKnownFileType = sourcecode.swift; path = UpdateService.swift; sourceTree = "<group>"; };
		EE20B2C3D4E5F60000000011 /* WidgetDiagnosticsService.swift */ = {isa = PBXFileReference; lastKnownFileType = sourcecode.swift; path = WidgetDiagnosticsService.swift; sourceTree = "<group>"; };
/* End PBXFileReference section */

/* Begin PBXFrameworksBuildPhase section */
		11A1B2C3D4E5F60000000020 /* Frameworks */ = {
			isa = PBXFrameworksBuildPhase;
			buildActionMask = 2147483647;
			files = (
				DD15B2C3D4E5F60000000001 /* Sparkle in Frameworks */,
			);
			runOnlyForDeploymentPostprocessing = 0;
		};
		77A1B2C3D4E5F60000000020 /* Frameworks */ = {
			isa = PBXFrameworksBuildPhase;
			buildActionMask = 2147483647;
			files = (
			);
			runOnlyForDeploymentPostprocessing = 0;
		};
/* End PBXFrameworksBuildPhase section */

/* Begin PBXGroup section */
		11A1B2C3D4E5F60000000030 = {
			isa = PBXGroup;
			children = (
				11A1B2C3D4E5F60000000031 /* TZMate */,
				77A1B2C3D4E5F60000000030 /* TZMateWidgetExtension */,
				11A1B2C3D4E5F60000000034 /* Products */,
			);
			sourceTree = "<group>";
		};
		11A1B2C3D4E5F60000000031 /* TZMate */ = {
			isa = PBXGroup;
			children = (
				11A1B2C3D4E5F60000000032 /* App */,
				11A1B2C3D4E5F60000000033 /* Views */,
				22A1B2C3D4E5F60000000030 /* Models */,
				22A1B2C3D4E5F60000000031 /* Services */,
				33A1B2C3D4E5F60000000030 /* Data */,
				66A1B2C3D4E5F60000000030 /* Utilities */,
				88A1B2C3D4E5F60000000011 /* Assets.xcassets */,
				66A1B2C3D4E5F60000000012 /* TZMate.entitlements */,
				11A1B2C3D4E5F60000000014 /* Info.plist */,
			);
			path = TZMate;
			sourceTree = "<group>";
		};
		11A1B2C3D4E5F60000000032 /* App */ = {
			isa = PBXGroup;
			children = (
				11A1B2C3D4E5F60000000011 /* TZMateApp.swift */,
				99A1B2C3D4E5F60000000011 /* AppDelegate.swift */,
				11A1B2C3D4E5F60000000012 /* AppState.swift */,
			);
			path = App;
			sourceTree = "<group>";
		};
		11A1B2C3D4E5F60000000033 /* Views */ = {
			isa = PBXGroup;
			children = (
				11A1B2C3D4E5F60000000013 /* RootPopoverView.swift */,
				99A1B2C3D4E5F60000000031 /* Shared */,
				44A1B2C3D4E5F60000000030 /* Contacts */,
				99A1B2C3D4E5F60000000030 /* Lookup */,
				55A1B2C3D4E5F60000000030 /* Converter */,
				22A1B2C3D4E5F60000000032 /* Settings */,
			);
			path = Views;
			sourceTree = "<group>";
		};
		11A1B2C3D4E5F60000000034 /* Products */ = {
			isa = PBXGroup;
			children = (
				11A1B2C3D4E5F60000000010 /* TZMate.app */,
				77A1B2C3D4E5F60000000010 /* TZMateWidgetExtension.appex */,
			);
			name = Products;
			sourceTree = "<group>";
		};
		22A1B2C3D4E5F60000000030 /* Models */ = {
			isa = PBXGroup;
			children = (
				22A1B2C3D4E5F60000000011 /* Contact.swift */,
				22A1B2C3D4E5F60000000012 /* CountryTimeData.swift */,
				22A1B2C3D4E5F60000000013 /* CountryTimeZone.swift */,
				22A1B2C3D4E5F60000000014 /* AppSettings.swift */,
				22A1B2C3D4E5F60000000015 /* AppTheme.swift */,
				22A1B2C3D4E5F60000000016 /* TimeFormat.swift */,
				33A1B2C3D4E5F60000000011 /* TimeStatus.swift */,
				33A1B2C3D4E5F60000000012 /* DateRelation.swift */,
				33A1B2C3D4E5F60000000013 /* PhoneCodeLookupResult.swift */,
			);
			path = Models;
			sourceTree = "<group>";
		};
		22A1B2C3D4E5F60000000031 /* Services */ = {
			isa = PBXGroup;
			children = (
				22A1B2C3D4E5F60000000017 /* SettingsStorageService.swift */,
				44A1B2C3D4E5F60000000011 /* ContactStorageService.swift */,
				33A1B2C3D4E5F60000000014 /* CountryDataService.swift */,
				33A1B2C3D4E5F60000000015 /* TimeZoneService.swift */,
				33A1B2C3D4E5F60000000016 /* PhoneCodeService.swift */,
				AA13B2C3D4E5F60000000011 /* LaunchAtLoginService.swift */,
				BB14B2C3D4E5F60000000011 /* DefaultSettingsService.swift */,
				CC14B2C3D4E5F60000000011 /* SharedUserDefaultsProvider.swift */,
				DD15B2C3D4E5F60000000011 /* UpdateService.swift */,
				EE20B2C3D4E5F60000000011 /* WidgetDiagnosticsService.swift */,
			);
			path = Services;
			sourceTree = "<group>";
		};
		22A1B2C3D4E5F60000000032 /* Settings */ = {
			isa = PBXGroup;
			children = (
				22A1B2C3D4E5F60000000018 /* SettingsView.swift */,
			);
			path = Settings;
			sourceTree = "<group>";
		};
		33A1B2C3D4E5F60000000030 /* Data */ = {
			isa = PBXGroup;
			children = (
				33A1B2C3D4E5F60000000017 /* country_time_data.json */,
			);
			path = Data;
			sourceTree = "<group>";
		};
		44A1B2C3D4E5F60000000030 /* Contacts */ = {
			isa = PBXGroup;
			children = (
				44A1B2C3D4E5F60000000012 /* ContactsView.swift */,
				44A1B2C3D4E5F60000000013 /* ContactRowView.swift */,
				44A1B2C3D4E5F60000000014 /* ContactFormView.swift */,
			);
			path = Contacts;
			sourceTree = "<group>";
		};
		55A1B2C3D4E5F60000000030 /* Converter */ = {
			isa = PBXGroup;
			children = (
				55A1B2C3D4E5F60000000011 /* TimeConverterView.swift */,
			);
			path = Converter;
			sourceTree = "<group>";
		};
		66A1B2C3D4E5F60000000030 /* Utilities */ = {
			isa = PBXGroup;
			children = (
				66A1B2C3D4E5F60000000011 /* Constants.swift */,
			);
			path = Utilities;
			sourceTree = "<group>";
		};
		77A1B2C3D4E5F60000000030 /* TZMateWidgetExtension */ = {
			isa = PBXGroup;
			children = (
				77A1B2C3D4E5F60000000011 /* TZMateWidgetProvider.swift */,
				77A1B2C3D4E5F60000000012 /* TZMateWidgetEntryView.swift */,
				77A1B2C3D4E5F60000000013 /* TZMateWidget.swift */,
				77A1B2C3D4E5F60000000014 /* TZMateWidgetBundle.swift */,
				77A1B2C3D4E5F60000000016 /* TZMateWidgetExtension.entitlements */,
				77A1B2C3D4E5F60000000015 /* Info.plist */,
			);
			path = TZMateWidgetExtension;
			sourceTree = "<group>";
		};
		99A1B2C3D4E5F60000000030 /* Lookup */ = {
			isa = PBXGroup;
			children = (
				99A1B2C3D4E5F60000000012 /* PhoneLookupView.swift */,
			);
			path = Lookup;
			sourceTree = "<group>";
		};
		99A1B2C3D4E5F60000000031 /* Shared */ = {
			isa = PBXGroup;
			children = (
				99A1B2C3D4E5F60000000013 /* SectionCardView.swift */,
			);
			path = Shared;
			sourceTree = "<group>";
		};
/* End PBXGroup section */

/* Begin PBXNativeTarget section */
		11A1B2C3D4E5F60000000040 /* TZMate */ = {
			isa = PBXNativeTarget;
			buildConfigurationList = 11A1B2C3D4E5F60000000070 /* Build configuration list for PBXNativeTarget "TZMate" */;
			buildPhases = (
				11A1B2C3D4E5F60000000050 /* Sources */,
				11A1B2C3D4E5F60000000020 /* Frameworks */,
				11A1B2C3D4E5F60000000051 /* Resources */,
				77A1B2C3D4E5F60000000051 /* Embed App Extensions */,
			);
			buildRules = (
			);
			dependencies = (
				77A1B2C3D4E5F60000000052 /* PBXTargetDependency */,
			);
			name = TZMate;
			packageProductDependencies = (
				DD15B2C3D4E5F60000000021 /* Sparkle */,
			);
			productName = TZMate;
			productReference = 11A1B2C3D4E5F60000000010 /* TZMate.app */;
			productType = "com.apple.product-type.application";
		};
		77A1B2C3D4E5F60000000040 /* TZMateWidgetExtension */ = {
			isa = PBXNativeTarget;
			buildConfigurationList = 77A1B2C3D4E5F60000000070 /* Build configuration list for PBXNativeTarget "TZMateWidgetExtension" */;
			buildPhases = (
				77A1B2C3D4E5F60000000053 /* Sources */,
				77A1B2C3D4E5F60000000020 /* Frameworks */,
				77A1B2C3D4E5F60000000054 /* Resources */,
			);
			buildRules = (
			);
			dependencies = (
			);
			name = TZMateWidgetExtension;
			productName = TZMateWidgetExtension;
			productReference = 77A1B2C3D4E5F60000000010 /* TZMateWidgetExtension.appex */;
			productType = "com.apple.product-type.app-extension";
		};
/* End PBXNativeTarget section */

/* Begin PBXProject section */
		11A1B2C3D4E5F60000000060 /* Project object */ = {
			isa = PBXProject;
			attributes = {
				BuildIndependentTargetsInParallel = 1;
				LastSwiftUpdateCheck = 1500;
				LastUpgradeCheck = 1500;
				TargetAttributes = {
					11A1B2C3D4E5F60000000040 = {
						CreatedOnToolsVersion = 15.0;
						SystemCapabilities = {
							com.apple.ApplicationGroups = {
								enabled = 1;
							};
						};
					};
					77A1B2C3D4E5F60000000040 = {
						CreatedOnToolsVersion = 26.4.1;
						SystemCapabilities = {
							com.apple.ApplicationGroups = {
								enabled = 1;
							};
						};
					};
				};
			};
			buildConfigurationList = 11A1B2C3D4E5F60000000061 /* Build configuration list for PBXProject "TZMate" */;
			compatibilityVersion = "Xcode 14.0";
			developmentRegion = en;
			hasScannedForEncodings = 0;
			knownRegions = (
				en,
				Base,
			);
			mainGroup = 11A1B2C3D4E5F60000000030;
			packageReferences = (
				DD15B2C3D4E5F60000000020 /* XCRemoteSwiftPackageReference "Sparkle" */,
			);
			productRefGroup = 11A1B2C3D4E5F60000000034 /* Products */;
			projectDirPath = "";
			projectRoot = "";
			targets = (
				11A1B2C3D4E5F60000000040 /* TZMate */,
				77A1B2C3D4E5F60000000040 /* TZMateWidgetExtension */,
			);
		};
/* End PBXProject section */

/* Begin PBXResourcesBuildPhase section */
		11A1B2C3D4E5F60000000051 /* Resources */ = {
			isa = PBXResourcesBuildPhase;
			buildActionMask = 2147483647;
			files = (
				33A1B2C3D4E5F60000000007 /* country_time_data.json in Resources */,
				88A1B2C3D4E5F60000000001 /* Assets.xcassets in Resources */,
			);
			runOnlyForDeploymentPostprocessing = 0;
		};
		77A1B2C3D4E5F60000000054 /* Resources */ = {
			isa = PBXResourcesBuildPhase;
			buildActionMask = 2147483647;
			files = (
			);
			runOnlyForDeploymentPostprocessing = 0;
		};
/* End PBXResourcesBuildPhase section */

/* Begin PBXSourcesBuildPhase section */
		11A1B2C3D4E5F60000000050 /* Sources */ = {
			isa = PBXSourcesBuildPhase;
			buildActionMask = 2147483647;
			files = (
				11A1B2C3D4E5F60000000001 /* TZMateApp.swift in Sources */,
				99A1B2C3D4E5F60000000001 /* AppDelegate.swift in Sources */,
				11A1B2C3D4E5F60000000002 /* AppState.swift in Sources */,
				11A1B2C3D4E5F60000000003 /* RootPopoverView.swift in Sources */,
				99A1B2C3D4E5F60000000003 /* SectionCardView.swift in Sources */,
				66A1B2C3D4E5F60000000001 /* Constants.swift in Sources */,
				22A1B2C3D4E5F60000000001 /* Contact.swift in Sources */,
				22A1B2C3D4E5F60000000002 /* CountryTimeData.swift in Sources */,
				22A1B2C3D4E5F60000000003 /* CountryTimeZone.swift in Sources */,
				22A1B2C3D4E5F60000000004 /* AppSettings.swift in Sources */,
				22A1B2C3D4E5F60000000005 /* AppTheme.swift in Sources */,
				22A1B2C3D4E5F60000000006 /* TimeFormat.swift in Sources */,
				22A1B2C3D4E5F60000000007 /* SettingsStorageService.swift in Sources */,
				22A1B2C3D4E5F60000000008 /* SettingsView.swift in Sources */,
				33A1B2C3D4E5F60000000001 /* TimeStatus.swift in Sources */,
				33A1B2C3D4E5F60000000002 /* DateRelation.swift in Sources */,
				33A1B2C3D4E5F60000000003 /* PhoneCodeLookupResult.swift in Sources */,
				33A1B2C3D4E5F60000000004 /* CountryDataService.swift in Sources */,
				33A1B2C3D4E5F60000000005 /* TimeZoneService.swift in Sources */,
				33A1B2C3D4E5F60000000006 /* PhoneCodeService.swift in Sources */,
				44A1B2C3D4E5F60000000001 /* ContactStorageService.swift in Sources */,
				44A1B2C3D4E5F60000000002 /* ContactsView.swift in Sources */,
				44A1B2C3D4E5F60000000003 /* ContactRowView.swift in Sources */,
				44A1B2C3D4E5F60000000004 /* ContactFormView.swift in Sources */,
				99A1B2C3D4E5F60000000002 /* PhoneLookupView.swift in Sources */,
				55A1B2C3D4E5F60000000001 /* TimeConverterView.swift in Sources */,
				AA13B2C3D4E5F60000000001 /* LaunchAtLoginService.swift in Sources */,
				BB14B2C3D4E5F60000000001 /* DefaultSettingsService.swift in Sources */,
				CC14B2C3D4E5F60000000001 /* SharedUserDefaultsProvider.swift in Sources */,
				DD15B2C3D4E5F60000000002 /* UpdateService.swift in Sources */,
				EE20B2C3D4E5F60000000001 /* WidgetDiagnosticsService.swift in Sources */,
			);
			runOnlyForDeploymentPostprocessing = 0;
		};
		77A1B2C3D4E5F60000000053 /* Sources */ = {
			isa = PBXSourcesBuildPhase;
			buildActionMask = 2147483647;
			files = (
				77A1B2C3D4E5F60000000001 /* TZMateWidgetProvider.swift in Sources */,
				77A1B2C3D4E5F60000000002 /* TZMateWidgetEntryView.swift in Sources */,
				77A1B2C3D4E5F60000000003 /* TZMateWidget.swift in Sources */,
				77A1B2C3D4E5F60000000004 /* TZMateWidgetBundle.swift in Sources */,
				66A1B2C3D4E5F60000000002 /* Constants.swift in Sources */,
				77A1B2C3D4E5F60000000005 /* Contact.swift in Sources */,
				77A1B2C3D4E5F60000000006 /* CountryTimeZone.swift in Sources */,
				77A1B2C3D4E5F60000000007 /* AppSettings.swift in Sources */,
				77A1B2C3D4E5F60000000008 /* AppTheme.swift in Sources */,
				77A1B2C3D4E5F60000000009 /* TimeFormat.swift in Sources */,
				77A1B2C3D4E5F6000000000A /* TimeStatus.swift in Sources */,
				77A1B2C3D4E5F6000000000B /* DateRelation.swift in Sources */,
				77A1B2C3D4E5F6000000000C /* TimeZoneService.swift in Sources */,
				77A1B2C3D4E5F6000000000D /* ContactStorageService.swift in Sources */,
				77A1B2C3D4E5F6000000000E /* SettingsStorageService.swift in Sources */,
				CC14B2C3D4E5F60000000002 /* SharedUserDefaultsProvider.swift in Sources */,
			);
			runOnlyForDeploymentPostprocessing = 0;
		};
/* End PBXSourcesBuildPhase section */

/* Begin PBXTargetDependency section */
		77A1B2C3D4E5F60000000052 /* PBXTargetDependency */ = {
			isa = PBXTargetDependency;
			target = 77A1B2C3D4E5F60000000040 /* TZMateWidgetExtension */;
			targetProxy = 77A1B2C3D4E5F60000000050 /* PBXContainerItemProxy */;
		};
/* End PBXTargetDependency section */

/* Begin XCBuildConfiguration section */
		11A1B2C3D4E5F60000000062 /* Debug */ = {
			isa = XCBuildConfiguration;
			buildSettings = {
				ALWAYS_SEARCH_USER_PATHS = NO;
				CLANG_ANALYZER_NONNULL = YES;
				CLANG_ANALYZER_NUMBER_OBJECT_CONVERSION = YES_AGGRESSIVE;
				CLANG_CXX_LANGUAGE_STANDARD = "gnu++20";
				CLANG_ENABLE_MODULES = YES;
				CLANG_ENABLE_OBJC_ARC = YES;
				CLANG_ENABLE_OBJC_WEAK = YES;
				CLANG_WARN_BLOCK_CAPTURE_AUTORELEASING = YES;
				CLANG_WARN_BOOL_CONVERSION = YES;
				CLANG_WARN_COMMA = YES;
				CLANG_WARN_CONSTANT_CONVERSION = YES;
				CLANG_WARN_DEPRECATED_OBJC_IMPLEMENTATIONS = YES;
				CLANG_WARN_DIRECT_OBJC_ISA_USAGE = YES_ERROR;
				CLANG_WARN_DOCUMENTATION_COMMENTS = YES;
				CLANG_WARN_EMPTY_BODY = YES;
				CLANG_WARN_ENUM_CONVERSION = YES;
				CLANG_WARN_INFINITE_RECURSION = YES;
				CLANG_WARN_INT_CONVERSION = YES;
				CLANG_WARN_NON_LITERAL_NULL_CONVERSION = YES;
				CLANG_WARN_OBJC_IMPLICIT_RETAIN_SELF = YES;
				CLANG_WARN_OBJC_LITERAL_CONVERSION = YES;
				CLANG_WARN_OBJC_ROOT_CLASS = YES_ERROR;
				CLANG_WARN_QUOTED_INCLUDE_IN_FRAMEWORK_HEADER = YES;
				CLANG_WARN_RANGE_LOOP_ANALYSIS = YES;
				CLANG_WARN_STRICT_PROTOTYPES = YES;
				CLANG_WARN_SUSPICIOUS_MOVE = YES;
				CLANG_WARN_UNGUARDED_AVAILABILITY = YES_AGGRESSIVE;
				CLANG_WARN_UNREACHABLE_CODE = YES;
				COPY_PHASE_STRIP = NO;
				DEBUG_INFORMATION_FORMAT = dwarf;
				ENABLE_STRICT_OBJC_MSGSEND = YES;
				ENABLE_TESTABILITY = YES;
				ENABLE_USER_SCRIPT_SANDBOXING = YES;
				GCC_C_LANGUAGE_STANDARD = gnu17;
				GCC_DYNAMIC_NO_PIC = NO;
				GCC_NO_COMMON_BLOCKS = YES;
				GCC_OPTIMIZATION_LEVEL = 0;
				GCC_PREPROCESSOR_DEFINITIONS = (
					"DEBUG=1",
					"$(inherited)",
				);
				GCC_WARN_64_TO_32_BIT_CONVERSION = YES;
				GCC_WARN_ABOUT_RETURN_TYPE = YES_ERROR;
				GCC_WARN_UNDECLARED_SELECTOR = YES;
				GCC_WARN_UNINITIALIZED_AUTOS = YES_AGGRESSIVE;
				GCC_WARN_UNUSED_FUNCTION = YES;
				GCC_WARN_UNUSED_VARIABLE = YES;
				LOCALIZATION_PREFERS_STRING_CATALOGS = YES;
				MACOSX_DEPLOYMENT_TARGET = 13.0;
				MTL_ENABLE_DEBUG_INFO = INCLUDE_SOURCE;
				MTL_FAST_MATH = YES;
				ONLY_ACTIVE_ARCH = YES;
				SDKROOT = macosx;
				SWIFT_ACTIVE_COMPILATION_CONDITIONS = DEBUG;
				SWIFT_OPTIMIZATION_LEVEL = "-Onone";
			};
			name = Debug;
		};
		11A1B2C3D4E5F60000000063 /* Release */ = {
			isa = XCBuildConfiguration;
			buildSettings = {
				ALWAYS_SEARCH_USER_PATHS = NO;
				CLANG_ANALYZER_NONNULL = YES;
				CLANG_ANALYZER_NUMBER_OBJECT_CONVERSION = YES_AGGRESSIVE;
				CLANG_CXX_LANGUAGE_STANDARD = "gnu++20";
				CLANG_ENABLE_MODULES = YES;
				CLANG_ENABLE_OBJC_ARC = YES;
				CLANG_ENABLE_OBJC_WEAK = YES;
				CLANG_WARN_BLOCK_CAPTURE_AUTORELEASING = YES;
				CLANG_WARN_BOOL_CONVERSION = YES;
				CLANG_WARN_COMMA = YES;
				CLANG_WARN_CONSTANT_CONVERSION = YES;
				CLANG_WARN_DEPRECATED_OBJC_IMPLEMENTATIONS = YES;
				CLANG_WARN_DIRECT_OBJC_ISA_USAGE = YES_ERROR;
				CLANG_WARN_DOCUMENTATION_COMMENTS = YES;
				CLANG_WARN_EMPTY_BODY = YES;
				CLANG_WARN_ENUM_CONVERSION = YES;
				CLANG_WARN_INFINITE_RECURSION = YES;
				CLANG_WARN_INT_CONVERSION = YES;
				CLANG_WARN_NON_LITERAL_NULL_CONVERSION = YES;
				CLANG_WARN_OBJC_IMPLICIT_RETAIN_SELF = YES;
				CLANG_WARN_OBJC_LITERAL_CONVERSION = YES;
				CLANG_WARN_OBJC_ROOT_CLASS = YES_ERROR;
				CLANG_WARN_QUOTED_INCLUDE_IN_FRAMEWORK_HEADER = YES;
				CLANG_WARN_RANGE_LOOP_ANALYSIS = YES;
				CLANG_WARN_STRICT_PROTOTYPES = YES;
				CLANG_WARN_SUSPICIOUS_MOVE = YES;
				CLANG_WARN_UNGUARDED_AVAILABILITY = YES_AGGRESSIVE;
				CLANG_WARN_UNREACHABLE_CODE = YES;
				COPY_PHASE_STRIP = NO;
				DEBUG_INFORMATION_FORMAT = "dwarf-with-dsym";
				ENABLE_NS_ASSERTIONS = NO;
				ENABLE_STRICT_OBJC_MSGSEND = YES;
				ENABLE_USER_SCRIPT_SANDBOXING = YES;
				GCC_C_LANGUAGE_STANDARD = gnu17;
				GCC_NO_COMMON_BLOCKS = YES;
				GCC_WARN_64_TO_32_BIT_CONVERSION = YES;
				GCC_WARN_ABOUT_RETURN_TYPE = YES_ERROR;
				GCC_WARN_UNDECLARED_SELECTOR = YES;
				GCC_WARN_UNINITIALIZED_AUTOS = YES_AGGRESSIVE;
				GCC_WARN_UNUSED_FUNCTION = YES;
				GCC_WARN_UNUSED_VARIABLE = YES;
				LOCALIZATION_PREFERS_STRING_CATALOGS = YES;
				MACOSX_DEPLOYMENT_TARGET = 13.0;
				MTL_ENABLE_DEBUG_INFO = NO;
				MTL_FAST_MATH = YES;
				SDKROOT = macosx;
				SWIFT_COMPILATION_MODE = wholemodule;
			};
			name = Release;
		};
		11A1B2C3D4E5F60000000071 /* Debug */ = {
			isa = XCBuildConfiguration;
			buildSettings = {
				ASSETCATALOG_COMPILER_APPICON_NAME = AppIcon;
				CODE_SIGN_ENTITLEMENTS = TZMate/TZMate.entitlements;
				CODE_SIGN_IDENTITY = "Apple Development";
				CODE_SIGN_STYLE = Automatic;
				COMBINE_HIDPI_IMAGES = YES;
				CURRENT_PROJECT_VERSION = 1;
				DEVELOPMENT_ASSET_PATHS = "";
				DEVELOPMENT_TEAM = RJH4M6H673;
				ENABLE_APP_SANDBOX = YES;
				ENABLE_HARDENED_RUNTIME = YES;
				GENERATE_INFOPLIST_FILE = NO;
				INFOPLIST_FILE = TZMate/Info.plist;
				LD_RUNPATH_SEARCH_PATHS = (
					"$(inherited)",
					"@executable_path/../Frameworks",
				);
				MARKETING_VERSION = 0.1;
				PRODUCT_BUNDLE_IDENTIFIER = com.remdee.tzmate;
				PRODUCT_NAME = TZMate;
				PROVISIONING_PROFILE_SPECIFIER = "";
				SWIFT_EMIT_LOC_STRINGS = YES;
				SWIFT_VERSION = 5.0;
			};
			name = Debug;
		};
		11A1B2C3D4E5F60000000072 /* Release */ = {
			isa = XCBuildConfiguration;
			buildSettings = {
				ASSETCATALOG_COMPILER_APPICON_NAME = AppIcon;
				CODE_SIGN_ENTITLEMENTS = TZMate/TZMate.entitlements;
				CODE_SIGN_IDENTITY = "Apple Development";
				CODE_SIGN_STYLE = Automatic;
				COMBINE_HIDPI_IMAGES = YES;
				CURRENT_PROJECT_VERSION = 1;
				DEVELOPMENT_ASSET_PATHS = "";
				DEVELOPMENT_TEAM = RJH4M6H673;
				ENABLE_APP_SANDBOX = YES;
				ENABLE_HARDENED_RUNTIME = YES;
				GENERATE_INFOPLIST_FILE = NO;
				INFOPLIST_FILE = TZMate/Info.plist;
				LD_RUNPATH_SEARCH_PATHS = (
					"$(inherited)",
					"@executable_path/../Frameworks",
				);
				MARKETING_VERSION = 0.1;
				PRODUCT_BUNDLE_IDENTIFIER = com.remdee.tzmate;
				PRODUCT_NAME = TZMate;
				PROVISIONING_PROFILE_SPECIFIER = "";
				SWIFT_EMIT_LOC_STRINGS = YES;
				SWIFT_VERSION = 5.0;
			};
			name = Release;
		};
		77A1B2C3D4E5F60000000071 /* Debug */ = {
			isa = XCBuildConfiguration;
			buildSettings = {
				APPLICATION_EXTENSION_API_ONLY = YES;
				AUTOMATION_APPLE_EVENTS = NO;
				CODE_SIGN_ENTITLEMENTS = TZMateWidgetExtension/TZMateWidgetExtension.entitlements;
				CODE_SIGN_IDENTITY = "Apple Development";
				CODE_SIGN_STYLE = Automatic;
				CURRENT_PROJECT_VERSION = 1;
				DEVELOPMENT_TEAM = RJH4M6H673;
				ENABLE_APP_SANDBOX = YES;
				ENABLE_HARDENED_RUNTIME = YES;
				ENABLE_RESOURCE_ACCESS_AUDIO_INPUT = NO;
				ENABLE_RESOURCE_ACCESS_CALENDARS = NO;
				ENABLE_RESOURCE_ACCESS_CAMERA = NO;
				ENABLE_RESOURCE_ACCESS_CONTACTS = NO;
				ENABLE_RESOURCE_ACCESS_LOCATION = NO;
				ENABLE_RESOURCE_ACCESS_PHOTO_LIBRARY = NO;
				GENERATE_INFOPLIST_FILE = NO;
				INFOPLIST_FILE = TZMateWidgetExtension/Info.plist;
				LD_RUNPATH_SEARCH_PATHS = (
					"$(inherited)",
					"@executable_path/../Frameworks",
					"@executable_path/../../../../Frameworks",
				);
				MACOSX_DEPLOYMENT_TARGET = 13.0;
				MARKETING_VERSION = 0.1;
				PRODUCT_BUNDLE_IDENTIFIER = com.remdee.tzmate;
				PRODUCT_NAME = "$(TARGET_NAME)";
				PROVISIONING_PROFILE_SPECIFIER = "";
				RUNTIME_EXCEPTION_ALLOW_DYLD_ENVIRONMENT_VARIABLES = NO;
				RUNTIME_EXCEPTION_ALLOW_JIT = NO;
				RUNTIME_EXCEPTION_ALLOW_UNSIGNED_EXECUTABLE_MEMORY = NO;
				RUNTIME_EXCEPTION_DEBUGGING_TOOL = NO;
				RUNTIME_EXCEPTION_DISABLE_EXECUTABLE_PAGE_PROTECTION = NO;
				RUNTIME_EXCEPTION_DISABLE_LIBRARY_VALIDATION = NO;
				SKIP_INSTALL = YES;
				SWIFT_EMIT_LOC_STRINGS = YES;
				SWIFT_VERSION = 5.0;
				WRAPPER_EXTENSION = appex;
			};
			name = Debug;
		};
		77A1B2C3D4E5F60000000072 /* Release */ = {
			isa = XCBuildConfiguration;
			buildSettings = {
				APPLICATION_EXTENSION_API_ONLY = YES;
				AUTOMATION_APPLE_EVENTS = NO;
				CODE_SIGN_ENTITLEMENTS = TZMateWidgetExtension/TZMateWidgetExtension.entitlements;
				CODE_SIGN_IDENTITY = "Apple Development";
				CODE_SIGN_STYLE = Automatic;
				CURRENT_PROJECT_VERSION = 1;
				DEVELOPMENT_TEAM = RJH4M6H673;
				ENABLE_APP_SANDBOX = YES;
				ENABLE_HARDENED_RUNTIME = YES;
				ENABLE_RESOURCE_ACCESS_AUDIO_INPUT = NO;
				ENABLE_RESOURCE_ACCESS_CALENDARS = NO;
				ENABLE_RESOURCE_ACCESS_CAMERA = NO;
				ENABLE_RESOURCE_ACCESS_CONTACTS = NO;
				ENABLE_RESOURCE_ACCESS_LOCATION = NO;
				ENABLE_RESOURCE_ACCESS_PHOTO_LIBRARY = NO;
				GENERATE_INFOPLIST_FILE = NO;
				INFOPLIST_FILE = TZMateWidgetExtension/Info.plist;
				LD_RUNPATH_SEARCH_PATHS = (
					"$(inherited)",
					"@executable_path/../Frameworks",
					"@executable_path/../../../../Frameworks",
				);
				MACOSX_DEPLOYMENT_TARGET = 13.0;
				MARKETING_VERSION = 0.1;
				PRODUCT_BUNDLE_IDENTIFIER = com.remdee.tzmate;
				PRODUCT_NAME = "$(TARGET_NAME)";
				PROVISIONING_PROFILE_SPECIFIER = "";
				RUNTIME_EXCEPTION_ALLOW_DYLD_ENVIRONMENT_VARIABLES = NO;
				RUNTIME_EXCEPTION_ALLOW_JIT = NO;
				RUNTIME_EXCEPTION_ALLOW_UNSIGNED_EXECUTABLE_MEMORY = NO;
				RUNTIME_EXCEPTION_DEBUGGING_TOOL = NO;
				RUNTIME_EXCEPTION_DISABLE_EXECUTABLE_PAGE_PROTECTION = NO;
				RUNTIME_EXCEPTION_DISABLE_LIBRARY_VALIDATION = NO;
				SKIP_INSTALL = YES;
				SWIFT_EMIT_LOC_STRINGS = YES;
				SWIFT_VERSION = 5.0;
				WRAPPER_EXTENSION = appex;
			};
			name = Release;
		};
/* End XCBuildConfiguration section */

/* Begin XCConfigurationList section */
		11A1B2C3D4E5F60000000061 /* Build configuration list for PBXProject "TZMate" */ = {
			isa = XCConfigurationList;
			buildConfigurations = (
				11A1B2C3D4E5F60000000062 /* Debug */,
				11A1B2C3D4E5F60000000063 /* Release */,
			);
			defaultConfigurationIsVisible = 0;
			defaultConfigurationName = Release;
		};
		11A1B2C3D4E5F60000000070 /* Build configuration list for PBXNativeTarget "TZMate" */ = {
			isa = XCConfigurationList;
			buildConfigurations = (
				11A1B2C3D4E5F60000000071 /* Debug */,
				11A1B2C3D4E5F60000000072 /* Release */,
			);
			defaultConfigurationIsVisible = 0;
			defaultConfigurationName = Release;
		};
		77A1B2C3D4E5F60000000070 /* Build configuration list for PBXNativeTarget "TZMateWidgetExtension" */ = {
			isa = XCConfigurationList;
			buildConfigurations = (
				77A1B2C3D4E5F60000000071 /* Debug */,
				77A1B2C3D4E5F60000000072 /* Release */,
			);
			defaultConfigurationIsVisible = 0;
			defaultConfigurationName = Release;
		};
/* End XCConfigurationList section */

/* Begin XCRemoteSwiftPackageReference section */
		DD15B2C3D4E5F60000000020 /* XCRemoteSwiftPackageReference "Sparkle" */ = {
			isa = XCRemoteSwiftPackageReference;
			repositoryURL = "https://github.com/sparkle-project/Sparkle";
			requirement = {
				kind = upToNextMajorVersion;
				minimumVersion = 2.0.0;
			};
		};
/* End XCRemoteSwiftPackageReference section */

/* Begin XCSwiftPackageProductDependency section */
		DD15B2C3D4E5F60000000021 /* Sparkle */ = {
			isa = XCSwiftPackageProductDependency;
			package = DD15B2C3D4E5F60000000020 /* XCRemoteSwiftPackageReference "Sparkle" */;
			productName = Sparkle;
		};
/* End XCSwiftPackageProductDependency section */
	};
	rootObject = 11A1B2C3D4E5F60000000060 /* Project object */;
}
